{
  "name": "mochi-tamagotchi",
  "version": "1.0.0",
  "lockfileVersion": 3,
  "requires": true,
  "packages": {
    "": {
      "name": "mochi-tamagotchi",
      "version": "1.0.0",
      "dependencies": {
        "phaser": "^3.88.2"
      },
      "devDependencies": {
        "vite": "^6.3.5"
      }
    }
  }
}
